// !$*UTF8*$!
{
	archiveVersion = 1;
	classes = {
	};
	objectVersion = 46;
	objects = {

/* Begin PBXBuildFile section */
		0A0957009FBB2353827F3A5D /* Compat.swift in Sources */ = {isa = PBXBuildFile; fileRef = 050B1E1FE4BCE7F9B2643FF5 /* Compat.swift */; };
		14B33B2CD8E9F9C7B72FC9A9 /* Cocoa.framework in Frameworks */ = {isa = PBXBuildFile; fileRef = 51E0A21789B6E6545CB120B1 /* Cocoa.framework */; };
		55517C2FB8ACE628B0CCBEBF /* HerMacApp.swift in Sources */ = {isa = PBXBuildFile; fileRef = FDC950F102B1E805B4398DE9 /* HerMacApp.swift */; };
		AB16CAB515970ABC2D0D0D64 /* HerAuthStore.swift in Sources */ = {isa = PBXBuildFile; fileRef = A2612D1910EFCC426C866CD0 /* HerAuthStore.swift */; };
		B09F27F9331EB8A3522D585B /* HerDesktopView.swift in Sources */ = {isa = PBXBuildFile; fileRef = 7254F57743B4CFB679D152DE /* HerDesktopView.swift */; };
/* End PBXBuildFile section */

/* Begin PBXFileReference section */
		050B1E1FE4BCE7F9B2643FF5 /* Compat.swift */ = {isa = PBXFileReference; includeInIndex = 1; lastKnownFileType = sourcecode.swift; path = Compat.swift; sourceTree = "<group>"; };
		3738E6B9400489C603F9CC0F /* HerMac.app */ = {isa = PBXFileReference; explicitFileType = wrapper.application; includeInIndex = 0; path = HerMac.app; sourceTree = BUILT_PRODUCTS_DIR; };
		51E0A21789B6E6545CB120B1 /* Cocoa.framework */ = {isa = PBXFileReference; lastKnownFileType = wrapper.framework; name = Cocoa.framework; path = Platforms/MacOSX.platform/Developer/SDKs/MacOSX15.0.sdk/System/Library/Frameworks/Cocoa.framework; sourceTree = DEVELOPER_DIR; };
		7254F57743B4CFB679D152DE /* HerDesktopView.swift */ = {isa = PBXFileReference; includeInIndex = 1; lastKnownFileType = sourcecode.swift; path = HerDesktopView.swift; sourceTree = "<group>"; };
		A2612D1910EFCC426C866CD0 /* HerAuthStore.swift */ = {isa = PBXFileReference; includeInIndex = 1; lastKnownFileType = sourcecode.swift; path = HerAuthStore.swift; sourceTree = "<group>"; };
		E0ADF80D948C3F2B156A90B0 /* HerMac.entitlements */ = {isa = PBXFileReference; includeInIndex = 1; lastKnownFileType = text.plist.entitlements; path = HerMac.entitlements; sourceTree = "<group>"; };
		F0B009C536117B1CD32B968B /* Info.plist */ = {isa = PBXFileReference; includeInIndex = 1; lastKnownFileType = text.plist.xml; path = Info.plist; sourceTree = "<group>"; };
		FDC950F102B1E805B4398DE9 /* HerMacApp.swift */ = {isa = PBXFileReference; includeInIndex = 1; lastKnownFileType = sourcecode.swift; path = HerMacApp.swift; sourceTree = "<group>"; };
/* End PBXFileReference section */

/* Begin PBXFrameworksBuildPhase section */
		9DCCD85535A0CAC6ABDECEBE /* Frameworks */ = {
			isa = PBXFrameworksBuildPhase;
			buildActionMask = 2147483647;
			files = (
				14B33B2CD8E9F9C7B72FC9A9 /* Cocoa.framework in Frameworks */,
			);
			runOnlyForDeploymentPostprocessing = 0;
		};
/* End PBXFrameworksBuildPhase section */

/* Begin PBXGroup section */
		142ECE586A18DD9590AA3D98 /* Frameworks */ = {
			isa = PBXGroup;
			children = (
				F282C482C54FB72AA51A20D5 /* OS X */,
			);
			name = Frameworks;
			sourceTree = "<group>";
		};
		7653F347D99FDB845B5365D1 /* Products */ = {
			isa = PBXGroup;
			children = (
				3738E6B9400489C603F9CC0F /* HerMac.app */,
			);
			name = Products;
			sourceTree = "<group>";
		};
		8F0CDB5E813D7853D1C99285 /* Resources */ = {
			isa = PBXGroup;
			children = (
				F0B009C536117B1CD32B968B /* Info.plist */,
				E0ADF80D948C3F2B156A90B0 /* HerMac.entitlements */,
			);
			name = Resources;
			path = Resources;
			sourceTree = "<group>";
		};
		906EB0412F872E71139FA946 = {
			isa = PBXGroup;
			children = (
				7653F347D99FDB845B5365D1 /* Products */,
				142ECE586A18DD9590AA3D98 /* Frameworks */,
				E35F6BDC90B339F1BA255388 /* HerMac */,
				8F0CDB5E813D7853D1C99285 /* Resources */,
			);
			sourceTree = "<group>";
		};
		E35F6BDC90B339F1BA255388 /* HerMac */ = {
			isa = PBXGroup;
			children = (
				050B1E1FE4BCE7F9B2643FF5 /* Compat.swift */,
				A2612D1910EFCC426C866CD0 /* HerAuthStore.swift */,
				7254F57743B4CFB679D152DE /* HerDesktopView.swift */,
				FDC950F102B1E805B4398DE9 /* HerMacApp.swift */,
			);
			name = HerMac;
			path = Sources/HerMac;
			sourceTree = "<group>";
		};
		F282C482C54FB72AA51A20D5 /* OS X */ = {
			isa = PBXGroup;
			children = (
				51E0A21789B6E6545CB120B1 /* Cocoa.framework */,
			);
			name = "OS X";
			sourceTree = "<group>";
		};
/* End PBXGroup section */

/* Begin PBXNativeTarget section */
		C9F2AF5816B814CFCAE6F050 /* HerMac */ = {
			isa = PBXNativeTarget;
			buildConfigurationList = 2FF943966E202DAC4E8FF34A /* Build configuration list for PBXNativeTarget "HerMac" */;
			buildPhases = (
				F4FCB43F25EA1CDE51521871 /* Sources */,
				9DCCD85535A0CAC6ABDECEBE /* Frameworks */,
				D66E927BB5F8A147F67C4B83 /* Resources */,
			);
			buildRules = (
			);
			dependencies = (
			);
			name = HerMac;
			packageProductDependencies = (
				62397117FC67B8362723A4AE /* HerShared */,
			);
			productName = Her;
			productReference = 3738E6B9400489C603F9CC0F /* HerMac.app */;
			productType = "com.apple.product-type.application";
		};
/* End PBXNativeTarget section */

/* Begin PBXProject section */
		2E40EE5A969EFDBBC7BA92FF /* Project object */ = {
			isa = PBXProject;
			attributes = {
				LastSwiftUpdateCheck = 1600;
				LastUpgradeCheck = 1600;
			};
			buildConfigurationList = 3AB67C6CD80C1141DFA8921D /* Build configuration list for PBXProject "HerMac" */;
			compatibilityVersion = "Xcode 3.2";
			developmentRegion = en;
			hasScannedForEncodings = 0;
			knownRegions = (
				en,
				Base,
			);
			mainGroup = 906EB0412F872E71139FA946;
			minimizedProjectReferenceProxies = 0;
			packageReferences = (
				8A9293CB4A8204A05A08FD00 /* XCLocalSwiftPackageReference "shared" */,
			);
			preferredProjectObjectVersion = 77;
			productRefGroup = 7653F347D99FDB845B5365D1 /* Products */;
			projectDirPath = "";
			projectRoot = "";
			targets = (
				C9F2AF5816B814CFCAE6F050 /* HerMac */,
			);
		};
/* End PBXProject section */

/* Begin PBXResourcesBuildPhase section */
		D66E927BB5F8A147F67C4B83 /* Resources */ = {
			isa = PBXResourcesBuildPhase;
			buildActionMask = 2147483647;
			files = (
			);
			runOnlyForDeploymentPostprocessing = 0;
		};
/* End PBXResourcesBuildPhase section */

/* Begin PBXSourcesBuildPhase section */
		F4FCB43F25EA1CDE51521871 /* Sources */ = {
			isa = PBXSourcesBuildPhase;
			buildActionMask = 2147483647;
			files = (
				0A0957009FBB2353827F3A5D /* Compat.swift in Sources */,
				AB16CAB515970ABC2D0D0D64 /* HerAuthStore.swift in Sources */,
				B09F27F9331EB8A3522D585B /* HerDesktopView.swift in Sources */,
				55517C2FB8ACE628B0CCBEBF /* HerMacApp.swift in Sources */,
			);
			runOnlyForDeploymentPostprocessing = 0;
		};
/* End PBXSourcesBuildPhase section */

/* Begin XCBuildConfiguration section */
		44ED95A01FEB8A365D39EDB1 /* Debug */ = {
			isa = XCBuildConfiguration;
			buildSettings = {
				ASSETCATALOG_COMPILER_APPICON_NAME = "";
				ASSETCATALOG_COMPILER_GLOBAL_ACCENT_COLOR_NAME = AccentColor;
				CODE_SIGN_ENTITLEMENTS = Resources/HerMac.entitlements;
				CODE_SIGN_IDENTITY = "Apple Development";
				CODE_SIGN_STYLE = Automatic;
				COMBINE_HIDPI_IMAGES = YES;
				CURRENT_PROJECT_VERSION = 1;
				DEVELOPMENT_TEAM = 6UNHXUUR5T;
				ENABLE_HARDENED_RUNTIME = YES;
				ENABLE_PREVIEWS = YES;
				GCC_PREPROCESSOR_DEFINITIONS = (
					"DEBUG=1",
					"$(inherited)",
				);
				GENERATE_INFOPLIST_FILE = NO;
				INFOPLIST_FILE = Resources/Info.plist;
				LD_RUNPATH_SEARCH_PATHS = "$(inherited) @executable_path/../Frameworks";
				MACOSX_DEPLOYMENT_TARGET = 14.0;
				MARKETING_VERSION = 0.4.2;
				ONLY_ACTIVE_ARCH = YES;
				PRODUCT_BUNDLE_IDENTIFIER = com.ekenesbek.her.mac;
				PRODUCT_NAME = Her;
				SDKROOT = macosx;
				SUPPORTED_PLATFORMS = macosx;
				SWIFT_ACTIVE_COMPILATION_CONDITIONS = DEBUG;
				SWIFT_OPTIMIZATION_LEVEL = "-Onone";
				SWIFT_VERSION = 5.9;
			};
			name = Debug;
		};
		4F0D11B7603AF1CDB597063E /* Release */ = {
			isa = XCBuildConfiguration;
			buildSettings = {
				ALWAYS_SEARCH_USER_PATHS = NO;
				CLANG_ANALYZER_NONNULL = YES;
				CLANG_ANALYZER_NUMBER_OBJECT_CONVERSION = YES_AGGRESSIVE;
				CLANG_CXX_LANGUAGE_STANDARD = "gnu++14";
				CLANG_CXX_LIBRARY = "libc++";
				CLANG_ENABLE_MODULES = YES;
				CLANG_ENABLE_OBJC_ARC = YES;
				CLANG_ENABLE_OBJC_WEAK = YES;
				CLANG_WARN_BLOCK_CAPTURE_AUTORELEASING = YES;
				CLANG_WARN_BOOL_CONVERSION = YES;
				CLANG_WARN_COMMA = YES;
				CLANG_WARN_CONSTANT_CONVERSION = YES;
				CLANG_WARN_DEPRECATED_OBJC_IMPLEMENTATIONS = YES;
				CLANG_WARN_DIRECT_OBJC_ISA_USAGE = YES_ERROR;
				CLANG_WARN_DOCUMENTATION_COMMENTS = YES;
				CLANG_WARN_EMPTY_BODY = YES;
				CLANG_WARN_ENUM_CONVERSION = YES;
				CLANG_WARN_INFINITE_RECURSION = YES;
				CLANG_WARN_INT_CONVERSION = YES;
				CLANG_WARN_NON_LITERAL_NULL_CONVERSION = YES;
				CLANG_WARN_OBJC_IMPLICIT_RETAIN_SELF = YES;
				CLANG_WARN_OBJC_LITERAL_CONVERSION = YES;
				CLANG_WARN_OBJC_ROOT_CLASS = YES_ERROR;
				CLANG_WARN_QUOTED_INCLUDE_IN_FRAMEWORK_HEADER = YES;
				CLANG_WARN_RANGE_LOOP_ANALYSIS = YES;
				CLANG_WARN_STRICT_PROTOTYPES = YES;
				CLANG_WARN_SUSPICIOUS_MOVE = YES;
				CLANG_WARN_UNGUARDED_AVAILABILITY = YES_AGGRESSIVE;
				CLANG_WARN_UNREACHABLE_CODE = YES;
				CLANG_WARN__DUPLICATE_METHOD_MATCH = YES;
				COPY_PHASE_STRIP = NO;
				DEBUG_INFORMATION_FORMAT = "dwarf-with-dsym";
				ENABLE_NS_ASSERTIONS = NO;
				ENABLE_STRICT_OBJC_MSGSEND = YES;
				GCC_C_LANGUAGE_STANDARD = gnu11;
				GCC_NO_COMMON_BLOCKS = YES;
				GCC_WARN_64_TO_32_BIT_CONVERSION = YES;
				GCC_WARN_ABOUT_RETURN_TYPE = YES_ERROR;
				GCC_WARN_UNDECLARED_SELECTOR = YES;
				GCC_WARN_UNINITIALIZED_AUTOS = YES_AGGRESSIVE;
				GCC_WARN_UNUSED_FUNCTION = YES;
				GCC_WARN_UNUSED_VARIABLE = YES;
				MACOSX_DEPLOYMENT_TARGET = 14.0;
				MTL_ENABLE_DEBUG_INFO = NO;
				MTL_FAST_MATH = YES;
				PRODUCT_NAME = "$(TARGET_NAME)";
				SDKROOT = macosx;
				SWIFT_COMPILATION_MODE = wholemodule;
				SWIFT_OPTIMIZATION_LEVEL = "-O";
				SWIFT_VERSION = 5.9;
			};
			name = Release;
		};
		7873C7875E08F680692696B2 /* Release */ = {
			isa = XCBuildConfiguration;
			buildSettings = {
				ASSETCATALOG_COMPILER_APPICON_NAME = "";
				ASSETCATALOG_COMPILER_GLOBAL_ACCENT_COLOR_NAME = AccentColor;
				CODE_SIGN_ENTITLEMENTS = Resources/HerMac.entitlements;
				CODE_SIGN_IDENTITY = "Apple Development";
				CODE_SIGN_STYLE = Automatic;
				COMBINE_HIDPI_IMAGES = YES;
				CURRENT_PROJECT_VERSION = 1;
				DEVELOPMENT_TEAM = 6UNHXUUR5T;
				ENABLE_HARDENED_RUNTIME = YES;
				ENABLE_PREVIEWS = YES;
				GENERATE_INFOPLIST_FILE = NO;
				INFOPLIST_FILE = Resources/Info.plist;
				LD_RUNPATH_SEARCH_PATHS = "$(inherited) @executable_path/../Frameworks";
				MACOSX_DEPLOYMENT_TARGET = 14.0;
				MARKETING_VERSION = 0.4.2;
				PRODUCT_BUNDLE_IDENTIFIER = com.ekenesbek.her.mac;
				PRODUCT_NAME = Her;
				SDKROOT = macosx;
				SUPPORTED_PLATFORMS = macosx;
				SWIFT_COMPILATION_MODE = wholemodule;
				SWIFT_OPTIMIZATION_LEVEL = "-O";
				SWIFT_VERSION = 5.9;
			};
			name = Release;
		};
		BC88E06D555B6C195FFD7A16 /* Debug */ = {
			isa = XCBuildConfiguration;
			buildSettings = {
				ALWAYS_SEARCH_USER_PATHS = NO;
				CLANG_ANALYZER_NONNULL = YES;
				CLANG_ANALYZER_NUMBER_OBJECT_CONVERSION = YES_AGGRESSIVE;
				CLANG_CXX_LANGUAGE_STANDARD = "gnu++14";
				CLANG_CXX_LIBRARY = "libc++";
				CLANG_ENABLE_MODULES = YES;
				CLANG_ENABLE_OBJC_ARC = YES;
				CLANG_ENABLE_OBJC_WEAK = YES;
				CLANG_WARN_BLOCK_CAPTURE_AUTORELEASING = YES;
				CLANG_WARN_BOOL_CONVERSION = YES;
				CLANG_WARN_COMMA = YES;
				CLANG_WARN_CONSTANT_CONVERSION = YES;
				CLANG_WARN_DEPRECATED_OBJC_IMPLEMENTATIONS = YES;
				CLANG_WARN_DIRECT_OBJC_ISA_USAGE = YES_ERROR;
				CLANG_WARN_DOCUMENTATION_COMMENTS = YES;
				CLANG_WARN_EMPTY_BODY = YES;
				CLANG_WARN_ENUM_CONVERSION = YES;
				CLANG_WARN_INFINITE_RECURSION = YES;
				CLANG_WARN_INT_CONVERSION = YES;
				CLANG_WARN_NON_LITERAL_NULL_CONVERSION = YES;
				CLANG_WARN_OBJC_IMPLICIT_RETAIN_SELF = YES;
				CLANG_WARN_OBJC_LITERAL_CONVERSION = YES;
				CLANG_WARN_OBJC_ROOT_CLASS = YES_ERROR;
				CLANG_WARN_QUOTED_INCLUDE_IN_FRAMEWORK_HEADER = YES;
				CLANG_WARN_RANGE_LOOP_ANALYSIS = YES;
				CLANG_WARN_STRICT_PROTOTYPES = YES;
				CLANG_WARN_SUSPICIOUS_MOVE = YES;
				CLANG_WARN_UNGUARDED_AVAILABILITY = YES_AGGRESSIVE;
				CLANG_WARN_UNREACHABLE_CODE = YES;
				CLANG_WARN__DUPLICATE_METHOD_MATCH = YES;
				COPY_PHASE_STRIP = NO;
				DEBUG_INFORMATION_FORMAT = dwarf;
				ENABLE_STRICT_OBJC_MSGSEND = YES;
				ENABLE_TESTABILITY = YES;
				GCC_C_LANGUAGE_STANDARD = gnu11;
				GCC_DYNAMIC_NO_PIC = NO;
				GCC_NO_COMMON_BLOCKS = YES;
				GCC_OPTIMIZATION_LEVEL = 0;
				GCC_PREPROCESSOR_DEFINITIONS = (
					"DEBUG=1",
					"$(inherited)",
				);
				GCC_WARN_64_TO_32_BIT_CONVERSION = YES;
				GCC_WARN_ABOUT_RETURN_TYPE = YES_ERROR;
				GCC_WARN_UNDECLARED_SELECTOR = YES;
				GCC_WARN_UNINITIALIZED_AUTOS = YES_AGGRESSIVE;
				GCC_WARN_UNUSED_FUNCTION = YES;
				GCC_WARN_UNUSED_VARIABLE = YES;
				MACOSX_DEPLOYMENT_TARGET = 14.0;
				MTL_ENABLE_DEBUG_INFO = INCLUDE_SOURCE;
				MTL_FAST_MATH = YES;
				ONLY_ACTIVE_ARCH = YES;
				PRODUCT_NAME = "$(TARGET_NAME)";
				SDKROOT = macosx;
				SWIFT_ACTIVE_COMPILATION_CONDITIONS = DEBUG;
				SWIFT_OPTIMIZATION_LEVEL = "-Onone";
				SWIFT_VERSION = 5.9;
			};
			name = Debug;
		};
/* End XCBuildConfiguration section */

/* Begin XCConfigurationList section */
		2FF943966E202DAC4E8FF34A /* Build configuration list for PBXNativeTarget "HerMac" */ = {
			isa = XCConfigurationList;
			buildConfigurations = (
				7873C7875E08F680692696B2 /* Release */,
				44ED95A01FEB8A365D39EDB1 /* Debug */,
			);
			defaultConfigurationIsVisible = 0;
			defaultConfigurationName = Release;
		};
		3AB67C6CD80C1141DFA8921D /* Build configuration list for PBXProject "HerMac" */ = {
			isa = XCConfigurationList;
			buildConfigurations = (
				BC88E06D555B6C195FFD7A16 /* Debug */,
				4F0D11B7603AF1CDB597063E /* Release */,
			);
			defaultConfigurationIsVisible = 0;
			defaultConfigurationName = Release;
		};
/* End XCConfigurationList section */

/* Begin XCLocalSwiftPackageReference section */
		8A9293CB4A8204A05A08FD00 /* XCLocalSwiftPackageReference "shared" */ = {
			isa = XCLocalSwiftPackageReference;
			relativePath = ../shared;
		};
/* End XCLocalSwiftPackageReference section */

/* Begin XCSwiftPackageProductDependency section */
		62397117FC67B8362723A4AE /* HerShared */ = {
			isa = XCSwiftPackageProductDependency;
			package = 8A9293CB4A8204A05A08FD00 /* XCLocalSwiftPackageReference "shared" */;
			productName = HerShared;
		};
/* End XCSwiftPackageProductDependency section */
	};
	rootObject = 2E40EE5A969EFDBBC7BA92FF /* Project object */;
}
